
Microsoft Visual Studio Solution File, Format Version 12.00
# Visual Studio 15
VisualStudioVersion = 15.0.27130.2026
MinimumVisualStudioVersion = 10.0.40219.1
Project("{FAE04EC0-301F-11D3-BF4B-00C04F79EFBC}") = "Geomteric", "Geomteric\Geomteric.csproj", "{344F6036-014E-4F6D-86DD-B5EA3A7BEC49}"
EndProject
Project("{FAE04EC0-301F-11D3-BF4B-00C04F79EFBC}") = "GeometricTest", "GeometricTest\GeometricTest.csproj", "{2B13FDB0-B3AA-4EC8-A746-F12C4C127ED6}"
EndProject
Global
	GlobalSection(SolutionConfigurationPlatforms) = preSolution
		Debug|Any CPU = Debug|Any CPU
		Release|Any CPU = Release|Any CPU
	EndGlobalSection
	GlobalSection(ProjectConfigurationPlatforms) = postSolution
		{344F6036-014E-4F6D-86DD-B5EA3A7BEC49}.Debug|Any CPU.ActiveCfg = Debug|Any CPU
		{344F6036-014E-4F6D-86DD-B5EA3A7BEC49}.Debug|Any CPU.Build.0 = Debug|Any CPU
		{344F6036-014E-4F6D-86DD-B5EA3A7BEC49}.Release|Any CPU.ActiveCfg = Release|Any CPU
		{344F6036-014E-4F6D-86DD-B5EA3A7BEC49}.Release|Any CPU.Build.0 = Release|Any CPU
		{2B13FDB0-B3AA-4EC8-A746-F12C4C127ED6}.Debug|Any CPU.ActiveCfg = Debug|Any CPU
		{2B13FDB0-B3AA-4EC8-A746-F12C4C127ED6}.Debug|Any CPU.Build.0 = Debug|Any CPU
		{2B13FDB0-B3AA-4EC8-A746-F12C4C127ED6}.Release|Any CPU.ActiveCfg = Release|Any CPU
		{2B13FDB0-B3AA-4EC8-A746-F12C4C127ED6}.Release|Any CPU.Build.0 = Release|Any CPU
	EndGlobalSection
	GlobalSection(SolutionProperties) = preSolution
		HideSolutionNode = FALSE
	EndGlobalSection
	GlobalSection(ExtensibilityGlobals) = postSolution
		SolutionGuid = {D6082434-E6BF-46EF-9447-1F46EF2AF11B}
	EndGlobalSection
EndGlobal
