
Microsoft Visual Studio Solution File, Format Version 12.00
# Visual Studio 15
VisualStudioVersion = 15.0.27130.2026
MinimumVisualStudioVersion = 10.0.40219.1
Project("{FAE04EC0-301F-11D3-BF4B-00C04F79EFBC}") = "GeometricFigures", "GeometricFigures\GeometricFigures.csproj", "{4C8BE5C1-EB59-4318-BB9A-C44E03AC5C79}"
EndProject
Project("{FAE04EC0-301F-11D3-BF4B-00C04F79EFBC}") = "GeometricFiguresTest", "GeometricFiguresTest\GeometricFiguresTest.csproj", "{FEAC3F27-09CC-4CBB-95BC-6012933AC8B3}"
EndProject
Global
	GlobalSection(SolutionConfigurationPlatforms) = preSolution
		Debug|Any CPU = Debug|Any CPU
		Release|Any CPU = Release|Any CPU
	EndGlobalSection
	GlobalSection(ProjectConfigurationPlatforms) = postSolution
		{4C8BE5C1-EB59-4318-BB9A-C44E03AC5C79}.Debug|Any CPU.ActiveCfg = Debug|Any CPU
		{4C8BE5C1-EB59-4318-BB9A-C44E03AC5C79}.Debug|Any CPU.Build.0 = Debug|Any CPU
		{4C8BE5C1-EB59-4318-BB9A-C44E03AC5C79}.Release|Any CPU.ActiveCfg = Release|Any CPU
		{4C8BE5C1-EB59-4318-BB9A-C44E03AC5C79}.Release|Any CPU.Build.0 = Release|Any CPU
		{FEAC3F27-09CC-4CBB-95BC-6012933AC8B3}.Debug|Any CPU.ActiveCfg = Debug|Any CPU
		{FEAC3F27-09CC-4CBB-95BC-6012933AC8B3}.Debug|Any CPU.Build.0 = Debug|Any CPU
		{FEAC3F27-09CC-4CBB-95BC-6012933AC8B3}.Release|Any CPU.ActiveCfg = Release|Any CPU
		{FEAC3F27-09CC-4CBB-95BC-6012933AC8B3}.Release|Any CPU.Build.0 = Release|Any CPU
	EndGlobalSection
	GlobalSection(SolutionProperties) = preSolution
		HideSolutionNode = FALSE
	EndGlobalSection
	GlobalSection(ExtensibilityGlobals) = postSolution
		SolutionGuid = {83464D79-B196-41A6-BCE0-D1107C217D05}
	EndGlobalSection
EndGlobal
